
Microsoft Visual Studio Solution File, Format Version 12.00
# Visual Studio Version 17
VisualStudioVersion = 17.14.36811.4 d17.14
MinimumVisualStudioVersion = 10.0.40219.1
Project("{FAE04EC0-301F-11D3-BF4B-00C04F79EFBC}") = "AssistantTextBot", "AssistantTextBot\AssistantTextBot.csproj", "{7EF2E0C0-E394-4397-89FE-41AAB2A8CEB3}"
EndProject
Global
	GlobalSection(SolutionConfigurationPlatforms) = preSolution
		Debug|Any CPU = Debug|Any CPU
		Release|Any CPU = Release|Any CPU
	EndGlobalSection
	GlobalSection(ProjectConfigurationPlatforms) = postSolution
		{7EF2E0C0-E394-4397-89FE-41AAB2A8CEB3}.Debug|Any CPU.ActiveCfg = Debug|Any CPU
		{7EF2E0C0-E394-4397-89FE-41AAB2A8CEB3}.Debug|Any CPU.Build.0 = Debug|Any CPU
		{7EF2E0C0-E394-4397-89FE-41AAB2A8CEB3}.Release|Any CPU.ActiveCfg = Release|Any CPU
		{7EF2E0C0-E394-4397-89FE-41AAB2A8CEB3}.Release|Any CPU.Build.0 = Release|Any CPU
	EndGlobalSection
	GlobalSection(SolutionProperties) = preSolution
		HideSolutionNode = FALSE
	EndGlobalSection
	GlobalSection(ExtensibilityGlobals) = postSolution
		SolutionGuid = {CB3192D9-8F0D-471A-8950-38585B31B443}
	EndGlobalSection
EndGlobal
